
Microsoft Visual Studio Solution File, Format Version 12.00
# Visual Studio Version 17
VisualStudioVersion = 17.0.31612.314
MinimumVisualStudioVersion = 10.0.40219.1
Project("{9A19103F-16F7-4668-BE54-9A1E7A4F7556}") = "Programing Language Speed Test Main Manager", "Programing Language Speed Test Main Manager\Programing Language Speed Test Main Manager.csproj", "{2F2D7F4A-9230-40AD-8F44-803043FB9528}"
EndProject
Project("{8BC9CEB8-8B4A-11D0-8D11-00A0C91BC942}") = "c++ Test", "c++ Test\c++ Test.vcxproj", "{83CFA08A-C8F5-4585-8279-25278D36ED36}"
EndProject
Project("{2150E333-8FDC-42A3-9474-1A3956D46DE8}") = "Solution Items", "Solution Items", "{0FF1FA07-8537-4923-B5A7-D7DCB72E79CF}"
	ProjectSection(SolutionItems) = preProject
		.editorconfig = .editorconfig
	EndProjectSection
EndProject
Project("{9A19103F-16F7-4668-BE54-9A1E7A4F7556}") = "C-Sharp Test", "C-Sharp Test\C-Sharp Test.csproj", "{AE5CFDB8-99C2-414F-8DED-99F41BD9255C}"
EndProject
Project("{888888A0-9F3D-457C-B088-3A5042F75D52}") = "Python Test", "Python Test\Python Test.pyproj", "{65C6B143-E356-4960-B6B6-3379DE639584}"
EndProject
Project("{778DAE3C-4631-46EA-AA77-85C1314464D9}") = "VB Test", "VB Test\VB Test.vbproj", "{7D6555B0-BF64-4877-9A0C-3206EDFC5DE9}"
EndProject
Project("{9092AA53-FB77-4645-B42D-1CCCA6BD08BD}") = "Javascript NodeJS test", "Javascript NodeJS test\Javascript NodeJS test.njsproj", "{7E368522-21EF-4687-92A2-3C67F6C05842}"
EndProject
Global
	GlobalSection(SolutionConfigurationPlatforms) = preSolution
		Build|Any CPU = Build|Any CPU
		Build|x64 = Build|x64
		Build|x86 = Build|x86
		Debug|Any CPU = Debug|Any CPU
		Debug|x64 = Debug|x64
		Debug|x86 = Debug|x86
		Release|Any CPU = Release|Any CPU
		Release|x64 = Release|x64
		Release|x86 = Release|x86
	EndGlobalSection
	GlobalSection(ProjectConfigurationPlatforms) = postSolution
		{2F2D7F4A-9230-40AD-8F44-803043FB9528}.Build|Any CPU.ActiveCfg = Release|Any CPU
		{2F2D7F4A-9230-40AD-8F44-803043FB9528}.Build|Any CPU.Build.0 = Release|Any CPU
		{2F2D7F4A-9230-40AD-8F44-803043FB9528}.Build|x64.ActiveCfg = Release|Any CPU
		{2F2D7F4A-9230-40AD-8F44-803043FB9528}.Build|x64.Build.0 = Release|Any CPU
		{2F2D7F4A-9230-40AD-8F44-803043FB9528}.Build|x86.ActiveCfg = Build|Any CPU
		{2F2D7F4A-9230-40AD-8F44-803043FB9528}.Build|x86.Build.0 = Build|Any CPU
		{2F2D7F4A-9230-40AD-8F44-803043FB9528}.Debug|Any CPU.ActiveCfg = Debug|Any CPU
		{2F2D7F4A-9230-40AD-8F44-803043FB9528}.Debug|Any CPU.Build.0 = Debug|Any CPU
		{2F2D7F4A-9230-40AD-8F44-803043FB9528}.Debug|x64.ActiveCfg = Debug|Any CPU
		{2F2D7F4A-9230-40AD-8F44-803043FB9528}.Debug|x86.ActiveCfg = Build|Any CPU
		{2F2D7F4A-9230-40AD-8F44-803043FB9528}.Release|Any CPU.ActiveCfg = Release|Any CPU
		{2F2D7F4A-9230-40AD-8F44-803043FB9528}.Release|Any CPU.Build.0 = Release|Any CPU
		{2F2D7F4A-9230-40AD-8F44-803043FB9528}.Release|x64.ActiveCfg = Release|Any CPU
		{2F2D7F4A-9230-40AD-8F44-803043FB9528}.Release|x64.Build.0 = Release|Any CPU
		{2F2D7F4A-9230-40AD-8F44-803043FB9528}.Release|x86.ActiveCfg = Release|Any CPU
		{2F2D7F4A-9230-40AD-8F44-803043FB9528}.Release|x86.Build.0 = Release|Any CPU
		{83CFA08A-C8F5-4585-8279-25278D36ED36}.Build|Any CPU.ActiveCfg = Release|x64
		{83CFA08A-C8F5-4585-8279-25278D36ED36}.Build|Any CPU.Build.0 = Release|x64
		{83CFA08A-C8F5-4585-8279-25278D36ED36}.Build|x64.ActiveCfg = Release|x64
		{83CFA08A-C8F5-4585-8279-25278D36ED36}.Build|x64.Build.0 = Release|x64
		{83CFA08A-C8F5-4585-8279-25278D36ED36}.Build|x86.ActiveCfg = Debug|Win32
		{83CFA08A-C8F5-4585-8279-25278D36ED36}.Build|x86.Build.0 = Debug|Win32
		{83CFA08A-C8F5-4585-8279-25278D36ED36}.Debug|Any CPU.ActiveCfg = Debug|Win32
		{83CFA08A-C8F5-4585-8279-25278D36ED36}.Debug|Any CPU.Build.0 = Debug|Win32
		{83CFA08A-C8F5-4585-8279-25278D36ED36}.Debug|x64.ActiveCfg = Debug|x64
		{83CFA08A-C8F5-4585-8279-25278D36ED36}.Debug|x86.ActiveCfg = Debug|Win32
		{83CFA08A-C8F5-4585-8279-25278D36ED36}.Debug|x86.Build.0 = Debug|Win32
		{83CFA08A-C8F5-4585-8279-25278D36ED36}.Release|Any CPU.ActiveCfg = Release|Win32
		{83CFA08A-C8F5-4585-8279-25278D36ED36}.Release|Any CPU.Build.0 = Release|Win32
		{83CFA08A-C8F5-4585-8279-25278D36ED36}.Release|x64.ActiveCfg = Release|x64
		{83CFA08A-C8F5-4585-8279-25278D36ED36}.Release|x64.Build.0 = Release|x64
		{83CFA08A-C8F5-4585-8279-25278D36ED36}.Release|x86.ActiveCfg = Release|Win32
		{83CFA08A-C8F5-4585-8279-25278D36ED36}.Release|x86.Build.0 = Release|Win32
		{AE5CFDB8-99C2-414F-8DED-99F41BD9255C}.Build|Any CPU.ActiveCfg = Debug|Any CPU
		{AE5CFDB8-99C2-414F-8DED-99F41BD9255C}.Build|Any CPU.Build.0 = Debug|Any CPU
		{AE5CFDB8-99C2-414F-8DED-99F41BD9255C}.Build|x64.ActiveCfg = Debug|Any CPU
		{AE5CFDB8-99C2-414F-8DED-99F41BD9255C}.Build|x64.Build.0 = Debug|Any CPU
		{AE5CFDB8-99C2-414F-8DED-99F41BD9255C}.Build|x86.ActiveCfg = Debug|Any CPU
		{AE5CFDB8-99C2-414F-8DED-99F41BD9255C}.Build|x86.Build.0 = Debug|Any CPU
		{AE5CFDB8-99C2-414F-8DED-99F41BD9255C}.Debug|Any CPU.ActiveCfg = Debug|Any CPU
		{AE5CFDB8-99C2-414F-8DED-99F41BD9255C}.Debug|Any CPU.Build.0 = Debug|Any CPU
		{AE5CFDB8-99C2-414F-8DED-99F41BD9255C}.Debug|x64.ActiveCfg = Debug|Any CPU
		{AE5CFDB8-99C2-414F-8DED-99F41BD9255C}.Debug|x64.Build.0 = Debug|Any CPU
		{AE5CFDB8-99C2-414F-8DED-99F41BD9255C}.Debug|x86.ActiveCfg = Debug|Any CPU
		{AE5CFDB8-99C2-414F-8DED-99F41BD9255C}.Debug|x86.Build.0 = Debug|Any CPU
		{AE5CFDB8-99C2-414F-8DED-99F41BD9255C}.Release|Any CPU.ActiveCfg = Release|Any CPU
		{AE5CFDB8-99C2-414F-8DED-99F41BD9255C}.Release|Any CPU.Build.0 = Release|Any CPU
		{AE5CFDB8-99C2-414F-8DED-99F41BD9255C}.Release|x64.ActiveCfg = Release|Any CPU
		{AE5CFDB8-99C2-414F-8DED-99F41BD9255C}.Release|x64.Build.0 = Release|Any CPU
		{AE5CFDB8-99C2-414F-8DED-99F41BD9255C}.Release|x86.ActiveCfg = Release|Any CPU
		{AE5CFDB8-99C2-414F-8DED-99F41BD9255C}.Release|x86.Build.0 = Release|Any CPU
		{65C6B143-E356-4960-B6B6-3379DE639584}.Build|Any CPU.ActiveCfg = Debug|Any CPU
		{65C6B143-E356-4960-B6B6-3379DE639584}.Build|x64.ActiveCfg = Debug|Any CPU
		{65C6B143-E356-4960-B6B6-3379DE639584}.Build|x86.ActiveCfg = Debug|Any CPU
		{65C6B143-E356-4960-B6B6-3379DE639584}.Debug|Any CPU.ActiveCfg = Debug|Any CPU
		{65C6B143-E356-4960-B6B6-3379DE639584}.Debug|x64.ActiveCfg = Debug|Any CPU
		{65C6B143-E356-4960-B6B6-3379DE639584}.Debug|x86.ActiveCfg = Debug|Any CPU
		{65C6B143-E356-4960-B6B6-3379DE639584}.Release|Any CPU.ActiveCfg = Release|Any CPU
		{65C6B143-E356-4960-B6B6-3379DE639584}.Release|x64.ActiveCfg = Release|Any CPU
		{65C6B143-E356-4960-B6B6-3379DE639584}.Release|x86.ActiveCfg = Release|Any CPU
		{7D6555B0-BF64-4877-9A0C-3206EDFC5DE9}.Build|Any CPU.ActiveCfg = Debug|Any CPU
		{7D6555B0-BF64-4877-9A0C-3206EDFC5DE9}.Build|Any CPU.Build.0 = Debug|Any CPU
		{7D6555B0-BF64-4877-9A0C-3206EDFC5DE9}.Build|x64.ActiveCfg = Debug|Any CPU
		{7D6555B0-BF64-4877-9A0C-3206EDFC5DE9}.Build|x64.Build.0 = Debug|Any CPU
		{7D6555B0-BF64-4877-9A0C-3206EDFC5DE9}.Build|x86.ActiveCfg = Debug|Any CPU
		{7D6555B0-BF64-4877-9A0C-3206EDFC5DE9}.Build|x86.Build.0 = Debug|Any CPU
		{7D6555B0-BF64-4877-9A0C-3206EDFC5DE9}.Debug|Any CPU.ActiveCfg = Debug|Any CPU
		{7D6555B0-BF64-4877-9A0C-3206EDFC5DE9}.Debug|Any CPU.Build.0 = Debug|Any CPU
		{7D6555B0-BF64-4877-9A0C-3206EDFC5DE9}.Debug|x64.ActiveCfg = Debug|Any CPU
		{7D6555B0-BF64-4877-9A0C-3206EDFC5DE9}.Debug|x64.Build.0 = Debug|Any CPU
		{7D6555B0-BF64-4877-9A0C-3206EDFC5DE9}.Debug|x86.ActiveCfg = Debug|Any CPU
		{7D6555B0-BF64-4877-9A0C-3206EDFC5DE9}.Debug|x86.Build.0 = Debug|Any CPU
		{7D6555B0-BF64-4877-9A0C-3206EDFC5DE9}.Release|Any CPU.ActiveCfg = Release|Any CPU
		{7D6555B0-BF64-4877-9A0C-3206EDFC5DE9}.Release|Any CPU.Build.0 = Release|Any CPU
		{7D6555B0-BF64-4877-9A0C-3206EDFC5DE9}.Release|x64.ActiveCfg = Release|Any CPU
		{7D6555B0-BF64-4877-9A0C-3206EDFC5DE9}.Release|x64.Build.0 = Release|Any CPU
		{7D6555B0-BF64-4877-9A0C-3206EDFC5DE9}.Release|x86.ActiveCfg = Release|Any CPU
		{7D6555B0-BF64-4877-9A0C-3206EDFC5DE9}.Release|x86.Build.0 = Release|Any CPU
		{7E368522-21EF-4687-92A2-3C67F6C05842}.Build|Any CPU.ActiveCfg = Debug|Any CPU
		{7E368522-21EF-4687-92A2-3C67F6C05842}.Build|Any CPU.Build.0 = Debug|Any CPU
		{7E368522-21EF-4687-92A2-3C67F6C05842}.Build|x64.ActiveCfg = Debug|Any CPU
		{7E368522-21EF-4687-92A2-3C67F6C05842}.Build|x64.Build.0 = Debug|Any CPU
		{7E368522-21EF-4687-92A2-3C67F6C05842}.Build|x86.ActiveCfg = Debug|Any CPU
		{7E368522-21EF-4687-92A2-3C67F6C05842}.Build|x86.Build.0 = Debug|Any CPU
		{7E368522-21EF-4687-92A2-3C67F6C05842}.Debug|Any CPU.ActiveCfg = Debug|Any CPU
		{7E368522-21EF-4687-92A2-3C67F6C05842}.Debug|Any CPU.Build.0 = Debug|Any CPU
		{7E368522-21EF-4687-92A2-3C67F6C05842}.Debug|x64.ActiveCfg = Debug|Any CPU
		{7E368522-21EF-4687-92A2-3C67F6C05842}.Debug|x64.Build.0 = Debug|Any CPU
		{7E368522-21EF-4687-92A2-3C67F6C05842}.Debug|x86.ActiveCfg = Debug|Any CPU
		{7E368522-21EF-4687-92A2-3C67F6C05842}.Debug|x86.Build.0 = Debug|Any CPU
		{7E368522-21EF-4687-92A2-3C67F6C05842}.Release|Any CPU.ActiveCfg = Release|Any CPU
		{7E368522-21EF-4687-92A2-3C67F6C05842}.Release|Any CPU.Build.0 = Release|Any CPU
		{7E368522-21EF-4687-92A2-3C67F6C05842}.Release|x64.ActiveCfg = Release|Any CPU
		{7E368522-21EF-4687-92A2-3C67F6C05842}.Release|x64.Build.0 = Release|Any CPU
		{7E368522-21EF-4687-92A2-3C67F6C05842}.Release|x86.ActiveCfg = Release|Any CPU
		{7E368522-21EF-4687-92A2-3C67F6C05842}.Release|x86.Build.0 = Release|Any CPU
	EndGlobalSection
	GlobalSection(SolutionProperties) = preSolution
		HideSolutionNode = FALSE
	EndGlobalSection
	GlobalSection(ExtensibilityGlobals) = postSolution
		SolutionGuid = {0BF968FD-5846-41B5-89C6-D77DDB368B26}
	EndGlobalSection
EndGlobal
